// !$*UTF8*$!
{
	archiveVersion = 1;
	classes = {
	};
	objectVersion = 55;
	objects = {

/* Begin PBXBuildFile section */
		30065F97F8EEB384D8BB86F4 /* libPods-homework-3-sametkoyuncu.a in Frameworks */ = {isa = PBXBuildFile; fileRef = AD3DD7535052B5D6839B9BEB /* libPods-homework-3-sametkoyuncu.a */; };
		F14A27AC28D86550001DA9A2 /* AppDelegate.swift in Sources */ = {isa = PBXBuildFile; fileRef = F14A27AB28D86550001DA9A2 /* AppDelegate.swift */; };
		F14A27AE28D86550001DA9A2 /* SceneDelegate.swift in Sources */ = {isa = PBXBuildFile; fileRef = F14A27AD28D86550001DA9A2 /* SceneDelegate.swift */; };
		F14A27B028D86550001DA9A2 /* PostListViewController.swift in Sources */ = {isa = PBXBuildFile; fileRef = F14A27AF28D86550001DA9A2 /* PostListViewController.swift */; };
		F14A27B328D86550001DA9A2 /* Main.storyboard in Resources */ = {isa = PBXBuildFile; fileRef = F14A27B128D86550001DA9A2 /* Main.storyboard */; };
		F14A27B528D86551001DA9A2 /* Assets.xcassets in Resources */ = {isa = PBXBuildFile; fileRef = F14A27B428D86551001DA9A2 /* Assets.xcassets */; };
		F14A27B828D86551001DA9A2 /* LaunchScreen.storyboard in Resources */ = {isa = PBXBuildFile; fileRef = F14A27B628D86551001DA9A2 /* LaunchScreen.storyboard */; };
		F160C73C28DB78E700E3BEEF /* TodoListViewModel.swift in Sources */ = {isa = PBXBuildFile; fileRef = F160C73B28DB78E700E3BEEF /* TodoListViewModel.swift */; };
		F1690DAF28DA3009003B0D5A /* AddNewItemViewController.swift in Sources */ = {isa = PBXBuildFile; fileRef = F1690DAE28DA3009003B0D5A /* AddNewItemViewController.swift */; };
		F1690DB128DA49C8003B0D5A /* TodoDetailsViewController.swift in Sources */ = {isa = PBXBuildFile; fileRef = F1690DB028DA49C8003B0D5A /* TodoDetailsViewController.swift */; };
		F1690DB328DA4FC1003B0D5A /* TodoListEntity.swift in Sources */ = {isa = PBXBuildFile; fileRef = F1690DB228DA4FC1003B0D5A /* TodoListEntity.swift */; };
		F17DDFC228DD88310001A663 /* UIViewExtensions.swift in Sources */ = {isa = PBXBuildFile; fileRef = F17DDFC128DD88310001A663 /* UIViewExtensions.swift */; };
		F18F202628D9AA650003EC87 /* HeaderCollectionViewCell.swift in Sources */ = {isa = PBXBuildFile; fileRef = F18F202428D9AA650003EC87 /* HeaderCollectionViewCell.swift */; };
		F18F202728D9AA650003EC87 /* HeaderCollectionViewCell.xib in Resources */ = {isa = PBXBuildFile; fileRef = F18F202528D9AA650003EC87 /* HeaderCollectionViewCell.xib */; };
		F1A0445E28DC5931000E2856 /* TodoDetailsModel.swift in Sources */ = {isa = PBXBuildFile; fileRef = F1A0445D28DC5931000E2856 /* TodoDetailsModel.swift */; };
		F1A0446228DC682C000E2856 /* HeaderTodoListTableViewCell.swift in Sources */ = {isa = PBXBuildFile; fileRef = F1A0446028DC682C000E2856 /* HeaderTodoListTableViewCell.swift */; };
		F1A0446328DC682C000E2856 /* HeaderTodoListTableViewCell.xib in Resources */ = {isa = PBXBuildFile; fileRef = F1A0446128DC682C000E2856 /* HeaderTodoListTableViewCell.xib */; };
		F1A2FDFE28D8ECBB009A9EB6 /* HeaderTableViewCell.swift in Sources */ = {isa = PBXBuildFile; fileRef = F1A2FDFC28D8ECBB009A9EB6 /* HeaderTableViewCell.swift */; };
		F1A2FDFF28D8ECBB009A9EB6 /* HeaderTableViewCell.xib in Resources */ = {isa = PBXBuildFile; fileRef = F1A2FDFD28D8ECBB009A9EB6 /* HeaderTableViewCell.xib */; };
		F1A2FE0628D8FDB6009A9EB6 /* GalleryViewController.swift in Sources */ = {isa = PBXBuildFile; fileRef = F1A2FE0528D8FDB6009A9EB6 /* GalleryViewController.swift */; };
		F1A2FE0828D8FF45009A9EB6 /* GalleryViewModel.swift in Sources */ = {isa = PBXBuildFile; fileRef = F1A2FE0728D8FF45009A9EB6 /* GalleryViewModel.swift */; };
		F1A2FE0A28D8FF5B009A9EB6 /* GalleryModel.swift in Sources */ = {isa = PBXBuildFile; fileRef = F1A2FE0928D8FF5B009A9EB6 /* GalleryModel.swift */; };
		F1A2FE0C28D8FF68009A9EB6 /* GalleryEntity.swift in Sources */ = {isa = PBXBuildFile; fileRef = F1A2FE0B28D8FF68009A9EB6 /* GalleryEntity.swift */; };
		F1A2FE0F28D904FE009A9EB6 /* GalleryCollectionViewCell.swift in Sources */ = {isa = PBXBuildFile; fileRef = F1A2FE0D28D904FE009A9EB6 /* GalleryCollectionViewCell.swift */; };
		F1A2FE1028D904FE009A9EB6 /* GalleryCollectionViewCell.xib in Resources */ = {isa = PBXBuildFile; fileRef = F1A2FE0E28D904FE009A9EB6 /* GalleryCollectionViewCell.xib */; };
		F1B7BB3F28DC83FB008DC39D /* AddNewItemModel.swift in Sources */ = {isa = PBXBuildFile; fileRef = F1B7BB3E28DC83FB008DC39D /* AddNewItemModel.swift */; };
		F1B7BB4128DCBAB4008DC39D /* TodoDetailsViewModel.swift in Sources */ = {isa = PBXBuildFile; fileRef = F1B7BB4028DCBAB4008DC39D /* TodoDetailsViewModel.swift */; };
		F1C237CA28D9D9D2008F8E68 /* TodoListViewController.swift in Sources */ = {isa = PBXBuildFile; fileRef = F1C237C928D9D9D2008F8E68 /* TodoListViewController.swift */; };
		F1C237CD28D9DA4A008F8E68 /* TodoListTableViewCell.swift in Sources */ = {isa = PBXBuildFile; fileRef = F1C237CB28D9DA4A008F8E68 /* TodoListTableViewCell.swift */; };
		F1C237CE28D9DA4A008F8E68 /* TodoListTableViewCell.xib in Resources */ = {isa = PBXBuildFile; fileRef = F1C237CC28D9DA4A008F8E68 /* TodoListTableViewCell.xib */; };
		F1F06BCA28D9C75500439D49 /* TodoListDataModel.xcdatamodeld in Sources */ = {isa = PBXBuildFile; fileRef = F1F06BC828D9C75500439D49 /* TodoListDataModel.xcdatamodeld */; };
		F1F06BCC28D9CF9900439D49 /* CoreDataStack.swift in Sources */ = {isa = PBXBuildFile; fileRef = F1F06BCB28D9CF9900439D49 /* CoreDataStack.swift */; };
		F1F0AD8A28D89270004731AB /* PostListModel.swift in Sources */ = {isa = PBXBuildFile; fileRef = F1F0AD8928D89270004731AB /* PostListModel.swift */; };
		F1F0AD8C28D8928B004731AB /* PostListEntity.swift in Sources */ = {isa = PBXBuildFile; fileRef = F1F0AD8B28D8928B004731AB /* PostListEntity.swift */; };
		F1F0AD8E28D89317004731AB /* PostListViewModel.swift in Sources */ = {isa = PBXBuildFile; fileRef = F1F0AD8D28D89317004731AB /* PostListViewModel.swift */; };
		F1F0AD9128D8939C004731AB /* PostListTableViewCell.swift in Sources */ = {isa = PBXBuildFile; fileRef = F1F0AD8F28D8939C004731AB /* PostListTableViewCell.swift */; };
		F1F0AD9228D8939C004731AB /* PostListTableViewCell.xib in Resources */ = {isa = PBXBuildFile; fileRef = F1F0AD9028D8939C004731AB /* PostListTableViewCell.xib */; };
		F1F1B83728DB2A6000A28B20 /* AddNewItemViewModel.swift in Sources */ = {isa = PBXBuildFile; fileRef = F1F1B83628DB2A6000A28B20 /* AddNewItemViewModel.swift */; };
		F1F1B83928DB2A9500A28B20 /* TodoListModel.swift in Sources */ = {isa = PBXBuildFile; fileRef = F1F1B83828DB2A9500A28B20 /* TodoListModel.swift */; };
/* End PBXBuildFile section */

/* Begin PBXFileReference section */
		594B8BED2886C34D02EFB490 /* Pods-homework-3-sametkoyuncu.debug.xcconfig */ = {isa = PBXFileReference; includeInIndex = 1; lastKnownFileType = text.xcconfig; name = "Pods-homework-3-sametkoyuncu.debug.xcconfig"; path = "Target Support Files/Pods-homework-3-sametkoyuncu/Pods-homework-3-sametkoyuncu.debug.xcconfig"; sourceTree = "<group>"; };
		651A64FCDE7C1CE594538D11 /* Pods-homework-3-sametkoyuncu.release.xcconfig */ = {isa = PBXFileReference; includeInIndex = 1; lastKnownFileType = text.xcconfig; name = "Pods-homework-3-sametkoyuncu.release.xcconfig"; path = "Target Support Files/Pods-homework-3-sametkoyuncu/Pods-homework-3-sametkoyuncu.release.xcconfig"; sourceTree = "<group>"; };
		AD3DD7535052B5D6839B9BEB /* libPods-homework-3-sametkoyuncu.a */ = {isa = PBXFileReference; explicitFileType = archive.ar; includeInIndex = 0; path = "libPods-homework-3-sametkoyuncu.a"; sourceTree = BUILT_PRODUCTS_DIR; };
		F14A27A828D86550001DA9A2 /* homework-3-sametkoyuncu.app */ = {isa = PBXFileReference; explicitFileType = wrapper.application; includeInIndex = 0; path = "homework-3-sametkoyuncu.app"; sourceTree = BUILT_PRODUCTS_DIR; };
		F14A27AB28D86550001DA9A2 /* AppDelegate.swift */ = {isa = PBXFileReference; lastKnownFileType = sourcecode.swift; path = AppDelegate.swift; sourceTree = "<group>"; };
		F14A27AD28D86550001DA9A2 /* SceneDelegate.swift */ = {isa = PBXFileReference; lastKnownFileType = sourcecode.swift; path = SceneDelegate.swift; sourceTree = "<group>"; };
		F14A27AF28D86550001DA9A2 /* PostListViewController.swift */ = {isa = PBXFileReference; lastKnownFileType = sourcecode.swift; path = PostListViewController.swift; sourceTree = "<group>"; };
		F14A27B228D86550001DA9A2 /* Base */ = {isa = PBXFileReference; lastKnownFileType = file.storyboard; name = Base; path = Base.lproj/Main.storyboard; sourceTree = "<group>"; };
		F14A27B428D86551001DA9A2 /* Assets.xcassets */ = {isa = PBXFileReference; lastKnownFileType = folder.assetcatalog; path = Assets.xcassets; sourceTree = "<group>"; };
		F14A27B728D86551001DA9A2 /* Base */ = {isa = PBXFileReference; lastKnownFileType = file.storyboard; name = Base; path = Base.lproj/LaunchScreen.storyboard; sourceTree = "<group>"; };
		F14A27B928D86551001DA9A2 /* Info.plist */ = {isa = PBXFileReference; lastKnownFileType = text.plist.xml; path = Info.plist; sourceTree = "<group>"; };
		F160C73B28DB78E700E3BEEF /* TodoListViewModel.swift */ = {isa = PBXFileReference; lastKnownFileType = sourcecode.swift; path = TodoListViewModel.swift; sourceTree = "<group>"; };
		F1690DAE28DA3009003B0D5A /* AddNewItemViewController.swift */ = {isa = PBXFileReference; lastKnownFileType = sourcecode.swift; path = AddNewItemViewController.swift; sourceTree = "<group>"; };
		F1690DB028DA49C8003B0D5A /* TodoDetailsViewController.swift */ = {isa = PBXFileReference; lastKnownFileType = sourcecode.swift; path = TodoDetailsViewController.swift; sourceTree = "<group>"; };
		F1690DB228DA4FC1003B0D5A /* TodoListEntity.swift */ = {isa = PBXFileReference; lastKnownFileType = sourcecode.swift; path = TodoListEntity.swift; sourceTree = "<group>"; };
		F17DDFC128DD88310001A663 /* UIViewExtensions.swift */ = {isa = PBXFileReference; lastKnownFileType = sourcecode.swift; path = UIViewExtensions.swift; sourceTree = "<group>"; };
		F18F202428D9AA650003EC87 /* HeaderCollectionViewCell.swift */ = {isa = PBXFileReference; lastKnownFileType = sourcecode.swift; path = HeaderCollectionViewCell.swift; sourceTree = "<group>"; };
		F18F202528D9AA650003EC87 /* HeaderCollectionViewCell.xib */ = {isa = PBXFileReference; lastKnownFileType = file.xib; path = HeaderCollectionViewCell.xib; sourceTree = "<group>"; };
		F1A0445D28DC5931000E2856 /* TodoDetailsModel.swift */ = {isa = PBXFileReference; lastKnownFileType = sourcecode.swift; path = TodoDetailsModel.swift; sourceTree = "<group>"; };
		F1A0446028DC682C000E2856 /* HeaderTodoListTableViewCell.swift */ = {isa = PBXFileReference; lastKnownFileType = sourcecode.swift; path = HeaderTodoListTableViewCell.swift; sourceTree = "<group>"; };
		F1A0446128DC682C000E2856 /* HeaderTodoListTableViewCell.xib */ = {isa = PBXFileReference; lastKnownFileType = file.xib; path = HeaderTodoListTableViewCell.xib; sourceTree = "<group>"; };
		F1A2FDFC28D8ECBB009A9EB6 /* HeaderTableViewCell.swift */ = {isa = PBXFileReference; lastKnownFileType = sourcecode.swift; path = HeaderTableViewCell.swift; sourceTree = "<group>"; };
		F1A2FDFD28D8ECBB009A9EB6 /* HeaderTableViewCell.xib */ = {isa = PBXFileReference; lastKnownFileType = file.xib; path = HeaderTableViewCell.xib; sourceTree = "<group>"; };
		F1A2FE0528D8FDB6009A9EB6 /* GalleryViewController.swift */ = {isa = PBXFileReference; lastKnownFileType = sourcecode.swift; path = GalleryViewController.swift; sourceTree = "<group>"; };
		F1A2FE0728D8FF45009A9EB6 /* GalleryViewModel.swift */ = {isa = PBXFileReference; lastKnownFileType = sourcecode.swift; path = GalleryViewModel.swift; sourceTree = "<group>"; };
		F1A2FE0928D8FF5B009A9EB6 /* GalleryModel.swift */ = {isa = PBXFileReference; lastKnownFileType = sourcecode.swift; path = GalleryModel.swift; sourceTree = "<group>"; };
		F1A2FE0B28D8FF68009A9EB6 /* GalleryEntity.swift */ = {isa = PBXFileReference; lastKnownFileType = sourcecode.swift; path = GalleryEntity.swift; sourceTree = "<group>"; };
		F1A2FE0D28D904FE009A9EB6 /* GalleryCollectionViewCell.swift */ = {isa = PBXFileReference; lastKnownFileType = sourcecode.swift; path = GalleryCollectionViewCell.swift; sourceTree = "<group>"; };
		F1A2FE0E28D904FE009A9EB6 /* GalleryCollectionViewCell.xib */ = {isa = PBXFileReference; lastKnownFileType = file.xib; path = GalleryCollectionViewCell.xib; sourceTree = "<group>"; };
		F1B7BB3E28DC83FB008DC39D /* AddNewItemModel.swift */ = {isa = PBXFileReference; lastKnownFileType = sourcecode.swift; path = AddNewItemModel.swift; sourceTree = "<group>"; };
		F1B7BB4028DCBAB4008DC39D /* TodoDetailsViewModel.swift */ = {isa = PBXFileReference; lastKnownFileType = sourcecode.swift; path = TodoDetailsViewModel.swift; sourceTree = "<group>"; };
		F1C237C928D9D9D2008F8E68 /* TodoListViewController.swift */ = {isa = PBXFileReference; lastKnownFileType = sourcecode.swift; path = TodoListViewController.swift; sourceTree = "<group>"; };
		F1C237CB28D9DA4A008F8E68 /* TodoListTableViewCell.swift */ = {isa = PBXFileReference; lastKnownFileType = sourcecode.swift; path = TodoListTableViewCell.swift; sourceTree = "<group>"; };
		F1C237CC28D9DA4A008F8E68 /* TodoListTableViewCell.xib */ = {isa = PBXFileReference; lastKnownFileType = file.xib; path = TodoListTableViewCell.xib; sourceTree = "<group>"; };
		F1F06BC928D9C75500439D49 /* TodoListDataModel.xcdatamodel */ = {isa = PBXFileReference; lastKnownFileType = wrapper.xcdatamodel; path = TodoListDataModel.xcdatamodel; sourceTree = "<group>"; };
		F1F06BCB28D9CF9900439D49 /* CoreDataStack.swift */ = {isa = PBXFileReference; lastKnownFileType = sourcecode.swift; path = CoreDataStack.swift; sourceTree = "<group>"; };
		F1F0AD8928D89270004731AB /* PostListModel.swift */ = {isa = PBXFileReference; lastKnownFileType = sourcecode.swift; path = PostListModel.swift; sourceTree = "<group>"; };
		F1F0AD8B28D8928B004731AB /* PostListEntity.swift */ = {isa = PBXFileReference; lastKnownFileType = sourcecode.swift; path = PostListEntity.swift; sourceTree = "<group>"; };
		F1F0AD8D28D89317004731AB /* PostListViewModel.swift */ = {isa = PBXFileReference; lastKnownFileType = sourcecode.swift; path = PostListViewModel.swift; sourceTree = "<group>"; };
		F1F0AD8F28D8939C004731AB /* PostListTableViewCell.swift */ = {isa = PBXFileReference; lastKnownFileType = sourcecode.swift; path = PostListTableViewCell.swift; sourceTree = "<group>"; };
		F1F0AD9028D8939C004731AB /* PostListTableViewCell.xib */ = {isa = PBXFileReference; lastKnownFileType = file.xib; path = PostListTableViewCell.xib; sourceTree = "<group>"; };
		F1F1B83628DB2A6000A28B20 /* AddNewItemViewModel.swift */ = {isa = PBXFileReference; lastKnownFileType = sourcecode.swift; path = AddNewItemViewModel.swift; sourceTree = "<group>"; };
		F1F1B83828DB2A9500A28B20 /* TodoListModel.swift */ = {isa = PBXFileReference; lastKnownFileType = sourcecode.swift; path = TodoListModel.swift; sourceTree = "<group>"; };
/* End PBXFileReference section */

/* Begin PBXFrameworksBuildPhase section */
		F14A27A528D86550001DA9A2 /* Frameworks */ = {
			isa = PBXFrameworksBuildPhase;
			buildActionMask = 2147483647;
			files = (
				30065F97F8EEB384D8BB86F4 /* libPods-homework-3-sametkoyuncu.a in Frameworks */,
			);
			runOnlyForDeploymentPostprocessing = 0;
		};
/* End PBXFrameworksBuildPhase section */

/* Begin PBXGroup section */
		AC9F92F7EFC592DECB2865FF /* Frameworks */ = {
			isa = PBXGroup;
			children = (
				AD3DD7535052B5D6839B9BEB /* libPods-homework-3-sametkoyuncu.a */,
			);
			name = Frameworks;
			sourceTree = "<group>";
		};
		D8FE72B3794AF19A7C8B2380 /* Pods */ = {
			isa = PBXGroup;
			children = (
				594B8BED2886C34D02EFB490 /* Pods-homework-3-sametkoyuncu.debug.xcconfig */,
				651A64FCDE7C1CE594538D11 /* Pods-homework-3-sametkoyuncu.release.xcconfig */,
			);
			path = Pods;
			sourceTree = "<group>";
		};
		F14A279F28D86550001DA9A2 = {
			isa = PBXGroup;
			children = (
				F14A27AA28D86550001DA9A2 /* homework-3-sametkoyuncu */,
				F14A27A928D86550001DA9A2 /* Products */,
				D8FE72B3794AF19A7C8B2380 /* Pods */,
				AC9F92F7EFC592DECB2865FF /* Frameworks */,
			);
			sourceTree = "<group>";
		};
		F14A27A928D86550001DA9A2 /* Products */ = {
			isa = PBXGroup;
			children = (
				F14A27A828D86550001DA9A2 /* homework-3-sametkoyuncu.app */,
			);
			name = Products;
			sourceTree = "<group>";
		};
		F14A27AA28D86550001DA9A2 /* homework-3-sametkoyuncu */ = {
			isa = PBXGroup;
			children = (
				F17DDFC028DD881C0001A663 /* Extensions */,
				F1F0AD8328D889BE004731AB /* Resources */,
				F1BABC0928DC35C2004FDE20 /* CoreData */,
				F1F0AD8428D889D2004731AB /* PostListModule */,
				F1A2FE0128D8FA57009A9EB6 /* GalleryModule */,
				F1A0445A28DC4AF0000E2856 /* TodoListModule */,
				F1A0445B28DC4B36000E2856 /* AddTodoItemModule */,
				F1A0445C28DC4B93000E2856 /* TodoDetailsModule */,
				F1F0AD8828D88A13004731AB /* SupportedFiles */,
			);
			path = "homework-3-sametkoyuncu";
			sourceTree = "<group>";
		};
		F17DDFC028DD881C0001A663 /* Extensions */ = {
			isa = PBXGroup;
			children = (
				F17DDFC128DD88310001A663 /* UIViewExtensions.swift */,
			);
			path = Extensions;
			sourceTree = "<group>";
		};
		F1A0445928DC4A4F000E2856 /* VM */ = {
			isa = PBXGroup;
			children = (
				F1F1B83628DB2A6000A28B20 /* AddNewItemViewModel.swift */,
			);
			path = VM;
			sourceTree = "<group>";
		};
		F1A0445A28DC4AF0000E2856 /* TodoListModule */ = {
			isa = PBXGroup;
			children = (
				F1BABC1628DC395F004FDE20 /* Model */,
				F1F06BC428D9BA6700439D49 /* View */,
				F1F06BC628D9BA8600439D49 /* VM */,
			);
			path = TodoListModule;
			sourceTree = "<group>";
		};
		F1A0445B28DC4B36000E2856 /* AddTodoItemModule */ = {
			isa = PBXGroup;
			children = (
				F1B7BB3D28DC83E9008DC39D /* Model */,
				F1BABC0828DC35A0004FDE20 /* View */,
				F1A0445928DC4A4F000E2856 /* VM */,
			);
			path = AddTodoItemModule;
			sourceTree = "<group>";
		};
		F1A0445C28DC4B93000E2856 /* TodoDetailsModule */ = {
			isa = PBXGroup;
			children = (
				F1A0445F28DC5937000E2856 /* Model */,
				F1BABC0D28DC363C004FDE20 /* View */,
				F1B7BB4228DCBB3E008DC39D /* VM */,
			);
			path = TodoDetailsModule;
			sourceTree = "<group>";
		};
		F1A0445F28DC5937000E2856 /* Model */ = {
			isa = PBXGroup;
			children = (
				F1A0445D28DC5931000E2856 /* TodoDetailsModel.swift */,
			);
			path = Model;
			sourceTree = "<group>";
		};
		F1A2FE0128D8FA57009A9EB6 /* GalleryModule */ = {
			isa = PBXGroup;
			children = (
				F1A2FE0228D8FA72009A9EB6 /* Model */,
				F1A2FE0328D8FA79009A9EB6 /* View */,
				F1A2FE0428D8FA85009A9EB6 /* VM */,
			);
			path = GalleryModule;
			sourceTree = "<group>";
		};
		F1A2FE0228D8FA72009A9EB6 /* Model */ = {
			isa = PBXGroup;
			children = (
				F1A2FE0928D8FF5B009A9EB6 /* GalleryModel.swift */,
				F1A2FE0B28D8FF68009A9EB6 /* GalleryEntity.swift */,
			);
			path = Model;
			sourceTree = "<group>";
		};
		F1A2FE0328D8FA79009A9EB6 /* View */ = {
			isa = PBXGroup;
			children = (
				F1A2FE0528D8FDB6009A9EB6 /* GalleryViewController.swift */,
				F1A2FE0D28D904FE009A9EB6 /* GalleryCollectionViewCell.swift */,
				F1A2FE0E28D904FE009A9EB6 /* GalleryCollectionViewCell.xib */,
				F18F202428D9AA650003EC87 /* HeaderCollectionViewCell.swift */,
				F18F202528D9AA650003EC87 /* HeaderCollectionViewCell.xib */,
			);
			path = View;
			sourceTree = "<group>";
		};
		F1A2FE0428D8FA85009A9EB6 /* VM */ = {
			isa = PBXGroup;
			children = (
				F1A2FE0728D8FF45009A9EB6 /* GalleryViewModel.swift */,
			);
			path = VM;
			sourceTree = "<group>";
		};
		F1B7BB3D28DC83E9008DC39D /* Model */ = {
			isa = PBXGroup;
			children = (
				F1B7BB3E28DC83FB008DC39D /* AddNewItemModel.swift */,
			);
			path = Model;
			sourceTree = "<group>";
		};
		F1B7BB4228DCBB3E008DC39D /* VM */ = {
			isa = PBXGroup;
			children = (
				F1B7BB4028DCBAB4008DC39D /* TodoDetailsViewModel.swift */,
			);
			path = VM;
			sourceTree = "<group>";
		};
		F1BABC0828DC35A0004FDE20 /* View */ = {
			isa = PBXGroup;
			children = (
				F1690DAE28DA3009003B0D5A /* AddNewItemViewController.swift */,
			);
			path = View;
			sourceTree = "<group>";
		};
		F1BABC0928DC35C2004FDE20 /* CoreData */ = {
			isa = PBXGroup;
			children = (
				F1690DB228DA4FC1003B0D5A /* TodoListEntity.swift */,
				F1F06BC828D9C75500439D49 /* TodoListDataModel.xcdatamodeld */,
				F1F06BCB28D9CF9900439D49 /* CoreDataStack.swift */,
			);
			path = CoreData;
			sourceTree = "<group>";
		};
		F1BABC0D28DC363C004FDE20 /* View */ = {
			isa = PBXGroup;
			children = (
				F1690DB028DA49C8003B0D5A /* TodoDetailsViewController.swift */,
			);
			path = View;
			sourceTree = "<group>";
		};
		F1BABC1628DC395F004FDE20 /* Model */ = {
			isa = PBXGroup;
			children = (
				F1F1B83828DB2A9500A28B20 /* TodoListModel.swift */,
			);
			path = Model;
			sourceTree = "<group>";
		};
		F1F06BC428D9BA6700439D49 /* View */ = {
			isa = PBXGroup;
			children = (
				F1C237C928D9D9D2008F8E68 /* TodoListViewController.swift */,
				F1C237CB28D9DA4A008F8E68 /* TodoListTableViewCell.swift */,
				F1C237CC28D9DA4A008F8E68 /* TodoListTableViewCell.xib */,
				F1A0446028DC682C000E2856 /* HeaderTodoListTableViewCell.swift */,
				F1A0446128DC682C000E2856 /* HeaderTodoListTableViewCell.xib */,
			);
			path = View;
			sourceTree = "<group>";
		};
		F1F06BC628D9BA8600439D49 /* VM */ = {
			isa = PBXGroup;
			children = (
				F160C73B28DB78E700E3BEEF /* TodoListViewModel.swift */,
			);
			path = VM;
			sourceTree = "<group>";
		};
		F1F0AD8328D889BE004731AB /* Resources */ = {
			isa = PBXGroup;
			children = (
				F14A27B128D86550001DA9A2 /* Main.storyboard */,
				F14A27B628D86551001DA9A2 /* LaunchScreen.storyboard */,
				F14A27B428D86551001DA9A2 /* Assets.xcassets */,
			);
			path = Resources;
			sourceTree = "<group>";
		};
		F1F0AD8428D889D2004731AB /* PostListModule */ = {
			isa = PBXGroup;
			children = (
				F1F0AD8528D889E3004731AB /* Model */,
				F1F0AD8728D889F2004731AB /* View */,
				F1F0AD8628D889E9004731AB /* VM */,
			);
			path = PostListModule;
			sourceTree = "<group>";
		};
		F1F0AD8528D889E3004731AB /* Model */ = {
			isa = PBXGroup;
			children = (
				F1F0AD8928D89270004731AB /* PostListModel.swift */,
				F1F0AD8B28D8928B004731AB /* PostListEntity.swift */,
			);
			path = Model;
			sourceTree = "<group>";
		};
		F1F0AD8628D889E9004731AB /* VM */ = {
			isa = PBXGroup;
			children = (
				F1F0AD8D28D89317004731AB /* PostListViewModel.swift */,
			);
			path = VM;
			sourceTree = "<group>";
		};
		F1F0AD8728D889F2004731AB /* View */ = {
			isa = PBXGroup;
			children = (
				F14A27AF28D86550001DA9A2 /* PostListViewController.swift */,
				F1F0AD8F28D8939C004731AB /* PostListTableViewCell.swift */,
				F1F0AD9028D8939C004731AB /* PostListTableViewCell.xib */,
				F1A2FDFC28D8ECBB009A9EB6 /* HeaderTableViewCell.swift */,
				F1A2FDFD28D8ECBB009A9EB6 /* HeaderTableViewCell.xib */,
			);
			path = View;
			sourceTree = "<group>";
		};
		F1F0AD8828D88A13004731AB /* SupportedFiles */ = {
			isa = PBXGroup;
			children = (
				F14A27AB28D86550001DA9A2 /* AppDelegate.swift */,
				F14A27AD28D86550001DA9A2 /* SceneDelegate.swift */,
				F14A27B928D86551001DA9A2 /* Info.plist */,
			);
			name = SupportedFiles;
			sourceTree = "<group>";
		};
/* End PBXGroup section */

/* Begin PBXNativeTarget section */
		F14A27A728D86550001DA9A2 /* homework-3-sametkoyuncu */ = {
			isa = PBXNativeTarget;
			buildConfigurationList = F14A27BC28D86551001DA9A2 /* Build configuration list for PBXNativeTarget "homework-3-sametkoyuncu" */;
			buildPhases = (
				DE3307B8B174E4C5704FA992 /* [CP] Check Pods Manifest.lock */,
				F14A27A428D86550001DA9A2 /* Sources */,
				F14A27A528D86550001DA9A2 /* Frameworks */,
				F14A27A628D86550001DA9A2 /* Resources */,
			);
			buildRules = (
			);
			dependencies = (
			);
			name = "homework-3-sametkoyuncu";
			productName = "homework-3-sametkoyuncu";
			productReference = F14A27A828D86550001DA9A2 /* homework-3-sametkoyuncu.app */;
			productType = "com.apple.product-type.application";
		};
/* End PBXNativeTarget section */

/* Begin PBXProject section */
		F14A27A028D86550001DA9A2 /* Project object */ = {
			isa = PBXProject;
			attributes = {
				BuildIndependentTargetsInParallel = 1;
				LastSwiftUpdateCheck = 1340;
				LastUpgradeCheck = 1340;
				TargetAttributes = {
					F14A27A728D86550001DA9A2 = {
						CreatedOnToolsVersion = 13.4.1;
					};
				};
			};
			buildConfigurationList = F14A27A328D86550001DA9A2 /* Build configuration list for PBXProject "homework-3-sametkoyuncu" */;
			compatibilityVersion = "Xcode 13.0";
			developmentRegion = en;
			hasScannedForEncodings = 0;
			knownRegions = (
				en,
				Base,
			);
			mainGroup = F14A279F28D86550001DA9A2;
			productRefGroup = F14A27A928D86550001DA9A2 /* Products */;
			projectDirPath = "";
			projectRoot = "";
			targets = (
				F14A27A728D86550001DA9A2 /* homework-3-sametkoyuncu */,
			);
		};
/* End PBXProject section */

/* Begin PBXResourcesBuildPhase section */
		F14A27A628D86550001DA9A2 /* Resources */ = {
			isa = PBXResourcesBuildPhase;
			buildActionMask = 2147483647;
			files = (
				F14A27B828D86551001DA9A2 /* LaunchScreen.storyboard in Resources */,
				F1A2FE1028D904FE009A9EB6 /* GalleryCollectionViewCell.xib in Resources */,
				F14A27B528D86551001DA9A2 /* Assets.xcassets in Resources */,
				F1A0446328DC682C000E2856 /* HeaderTodoListTableViewCell.xib in Resources */,
				F14A27B328D86550001DA9A2 /* Main.storyboard in Resources */,
				F18F202728D9AA650003EC87 /* HeaderCollectionViewCell.xib in Resources */,
				F1A2FDFF28D8ECBB009A9EB6 /* HeaderTableViewCell.xib in Resources */,
				F1F0AD9228D8939C004731AB /* PostListTableViewCell.xib in Resources */,
				F1C237CE28D9DA4A008F8E68 /* TodoListTableViewCell.xib in Resources */,
			);
			runOnlyForDeploymentPostprocessing = 0;
		};
/* End PBXResourcesBuildPhase section */

/* Begin PBXShellScriptBuildPhase section */
		DE3307B8B174E4C5704FA992 /* [CP] Check Pods Manifest.lock */ = {
			isa = PBXShellScriptBuildPhase;
			buildActionMask = 2147483647;
			files = (
			);
			inputFileListPaths = (
			);
			inputPaths = (
				"${PODS_PODFILE_DIR_PATH}/Podfile.lock",
				"${PODS_ROOT}/Manifest.lock",
			);
			name = "[CP] Check Pods Manifest.lock";
			outputFileListPaths = (
			);
			outputPaths = (
				"$(DERIVED_FILE_DIR)/Pods-homework-3-sametkoyuncu-checkManifestLockResult.txt",
			);
			runOnlyForDeploymentPostprocessing = 0;
			shellPath = /bin/sh;
			shellScript = "diff \"${PODS_PODFILE_DIR_PATH}/Podfile.lock\" \"${PODS_ROOT}/Manifest.lock\" > /dev/null\nif [ $? != 0 ] ; then\n    # print error to STDERR\n    echo \"error: The sandbox is not in sync with the Podfile.lock. Run 'pod install' or update your CocoaPods installation.\" >&2\n    exit 1\nfi\n# This output is used by Xcode 'outputs' to avoid re-running this script phase.\necho \"SUCCESS\" > \"${SCRIPT_OUTPUT_FILE_0}\"\n";
			showEnvVarsInLog = 0;
		};
/* End PBXShellScriptBuildPhase section */

/* Begin PBXSourcesBuildPhase section */
		F14A27A428D86550001DA9A2 /* Sources */ = {
			isa = PBXSourcesBuildPhase;
			buildActionMask = 2147483647;
			files = (
				F1F1B83928DB2A9500A28B20 /* TodoListModel.swift in Sources */,
				F160C73C28DB78E700E3BEEF /* TodoListViewModel.swift in Sources */,
				F1A0446228DC682C000E2856 /* HeaderTodoListTableViewCell.swift in Sources */,
				F1A2FDFE28D8ECBB009A9EB6 /* HeaderTableViewCell.swift in Sources */,
				F1A2FE0828D8FF45009A9EB6 /* GalleryViewModel.swift in Sources */,
				F14A27B028D86550001DA9A2 /* PostListViewController.swift in Sources */,
				F1F06BCA28D9C75500439D49 /* TodoListDataModel.xcdatamodeld in Sources */,
				F1690DB328DA4FC1003B0D5A /* TodoListEntity.swift in Sources */,
				F1A0445E28DC5931000E2856 /* TodoDetailsModel.swift in Sources */,
				F18F202628D9AA650003EC87 /* HeaderCollectionViewCell.swift in Sources */,
				F1690DB128DA49C8003B0D5A /* TodoDetailsViewController.swift in Sources */,
				F1F0AD8A28D89270004731AB /* PostListModel.swift in Sources */,
				F1F0AD9128D8939C004731AB /* PostListTableViewCell.swift in Sources */,
				F1690DAF28DA3009003B0D5A /* AddNewItemViewController.swift in Sources */,
				F1B7BB3F28DC83FB008DC39D /* AddNewItemModel.swift in Sources */,
				F1F06BCC28D9CF9900439D49 /* CoreDataStack.swift in Sources */,
				F1F0AD8E28D89317004731AB /* PostListViewModel.swift in Sources */,
				F1F0AD8C28D8928B004731AB /* PostListEntity.swift in Sources */,
				F1A2FE0628D8FDB6009A9EB6 /* GalleryViewController.swift in Sources */,
				F1A2FE0A28D8FF5B009A9EB6 /* GalleryModel.swift in Sources */,
				F14A27AC28D86550001DA9A2 /* AppDelegate.swift in Sources */,
				F1B7BB4128DCBAB4008DC39D /* TodoDetailsViewModel.swift in Sources */,
				F17DDFC228DD88310001A663 /* UIViewExtensions.swift in Sources */,
				F1F1B83728DB2A6000A28B20 /* AddNewItemViewModel.swift in Sources */,
				F1C237CA28D9D9D2008F8E68 /* TodoListViewController.swift in Sources */,
				F14A27AE28D86550001DA9A2 /* SceneDelegate.swift in Sources */,
				F1A2FE0F28D904FE009A9EB6 /* GalleryCollectionViewCell.swift in Sources */,
				F1A2FE0C28D8FF68009A9EB6 /* GalleryEntity.swift in Sources */,
				F1C237CD28D9DA4A008F8E68 /* TodoListTableViewCell.swift in Sources */,
			);
			runOnlyForDeploymentPostprocessing = 0;
		};
/* End PBXSourcesBuildPhase section */

/* Begin PBXVariantGroup section */
		F14A27B128D86550001DA9A2 /* Main.storyboard */ = {
			isa = PBXVariantGroup;
			children = (
				F14A27B228D86550001DA9A2 /* Base */,
			);
			name = Main.storyboard;
			sourceTree = "<group>";
		};
		F14A27B628D86551001DA9A2 /* LaunchScreen.storyboard */ = {
			isa = PBXVariantGroup;
			children = (
				F14A27B728D86551001DA9A2 /* Base */,
			);
			name = LaunchScreen.storyboard;
			sourceTree = "<group>";
		};
/* End PBXVariantGroup section */

/* Begin XCBuildConfiguration section */
		F14A27BA28D86551001DA9A2 /* Debug */ = {
			isa = XCBuildConfiguration;
			buildSettings = {
				ALWAYS_SEARCH_USER_PATHS = NO;
				CLANG_ANALYZER_NONNULL = YES;
				CLANG_ANALYZER_NUMBER_OBJECT_CONVERSION = YES_AGGRESSIVE;
				CLANG_CXX_LANGUAGE_STANDARD = "gnu++17";
				CLANG_ENABLE_MODULES = YES;
				CLANG_ENABLE_OBJC_ARC = YES;
				CLANG_ENABLE_OBJC_WEAK = YES;
				CLANG_WARN_BLOCK_CAPTURE_AUTORELEASING = YES;
				CLANG_WARN_BOOL_CONVERSION = YES;
				CLANG_WARN_COMMA = YES;
				CLANG_WARN_CONSTANT_CONVERSION = YES;
				CLANG_WARN_DEPRECATED_OBJC_IMPLEMENTATIONS = YES;
				CLANG_WARN_DIRECT_OBJC_ISA_USAGE = YES_ERROR;
				CLANG_WARN_DOCUMENTATION_COMMENTS = YES;
				CLANG_WARN_EMPTY_BODY = YES;
				CLANG_WARN_ENUM_CONVERSION = YES;
				CLANG_WARN_INFINITE_RECURSION = YES;
				CLANG_WARN_INT_CONVERSION = YES;
				CLANG_WARN_NON_LITERAL_NULL_CONVERSION = YES;
				CLANG_WARN_OBJC_IMPLICIT_RETAIN_SELF = YES;
				CLANG_WARN_OBJC_LITERAL_CONVERSION = YES;
				CLANG_WARN_OBJC_ROOT_CLASS = YES_ERROR;
				CLANG_WARN_QUOTED_INCLUDE_IN_FRAMEWORK_HEADER = YES;
				CLANG_WARN_RANGE_LOOP_ANALYSIS = YES;
				CLANG_WARN_STRICT_PROTOTYPES = YES;
				CLANG_WARN_SUSPICIOUS_MOVE = YES;
				CLANG_WARN_UNGUARDED_AVAILABILITY = YES_AGGRESSIVE;
				CLANG_WARN_UNREACHABLE_CODE = YES;
				CLANG_WARN__DUPLICATE_METHOD_MATCH = YES;
				COPY_PHASE_STRIP = NO;
				DEBUG_INFORMATION_FORMAT = dwarf;
				ENABLE_STRICT_OBJC_MSGSEND = YES;
				ENABLE_TESTABILITY = YES;
				GCC_C_LANGUAGE_STANDARD = gnu11;
				GCC_DYNAMIC_NO_PIC = NO;
				GCC_NO_COMMON_BLOCKS = YES;
				GCC_OPTIMIZATION_LEVEL = 0;
				GCC_PREPROCESSOR_DEFINITIONS = (
					"DEBUG=1",
					"$(inherited)",
				);
				GCC_WARN_64_TO_32_BIT_CONVERSION = YES;
				GCC_WARN_ABOUT_RETURN_TYPE = YES_ERROR;
				GCC_WARN_UNDECLARED_SELECTOR = YES;
				GCC_WARN_UNINITIALIZED_AUTOS = YES_AGGRESSIVE;
				GCC_WARN_UNUSED_FUNCTION = YES;
				GCC_WARN_UNUSED_VARIABLE = YES;
				IPHONEOS_DEPLOYMENT_TARGET = 15.5;
				MTL_ENABLE_DEBUG_INFO = INCLUDE_SOURCE;
				MTL_FAST_MATH = YES;
				ONLY_ACTIVE_ARCH = YES;
				SDKROOT = iphoneos;
				SWIFT_ACTIVE_COMPILATION_CONDITIONS = DEBUG;
				SWIFT_OPTIMIZATION_LEVEL = "-Onone";
			};
			name = Debug;
		};
		F14A27BB28D86551001DA9A2 /* Release */ = {
			isa = XCBuildConfiguration;
			buildSettings = {
				ALWAYS_SEARCH_USER_PATHS = NO;
				CLANG_ANALYZER_NONNULL = YES;
				CLANG_ANALYZER_NUMBER_OBJECT_CONVERSION = YES_AGGRESSIVE;
				CLANG_CXX_LANGUAGE_STANDARD = "gnu++17";
				CLANG_ENABLE_MODULES = YES;
				CLANG_ENABLE_OBJC_ARC = YES;
				CLANG_ENABLE_OBJC_WEAK = YES;
				CLANG_WARN_BLOCK_CAPTURE_AUTORELEASING = YES;
				CLANG_WARN_BOOL_CONVERSION = YES;
				CLANG_WARN_COMMA = YES;
				CLANG_WARN_CONSTANT_CONVERSION = YES;
				CLANG_WARN_DEPRECATED_OBJC_IMPLEMENTATIONS = YES;
				CLANG_WARN_DIRECT_OBJC_ISA_USAGE = YES_ERROR;
				CLANG_WARN_DOCUMENTATION_COMMENTS = YES;
				CLANG_WARN_EMPTY_BODY = YES;
				CLANG_WARN_ENUM_CONVERSION = YES;
				CLANG_WARN_INFINITE_RECURSION = YES;
				CLANG_WARN_INT_CONVERSION = YES;
				CLANG_WARN_NON_LITERAL_NULL_CONVERSION = YES;
				CLANG_WARN_OBJC_IMPLICIT_RETAIN_SELF = YES;
				CLANG_WARN_OBJC_LITERAL_CONVERSION = YES;
				CLANG_WARN_OBJC_ROOT_CLASS = YES_ERROR;
				CLANG_WARN_QUOTED_INCLUDE_IN_FRAMEWORK_HEADER = YES;
				CLANG_WARN_RANGE_LOOP_ANALYSIS = YES;
				CLANG_WARN_STRICT_PROTOTYPES = YES;
				CLANG_WARN_SUSPICIOUS_MOVE = YES;
				CLANG_WARN_UNGUARDED_AVAILABILITY = YES_AGGRESSIVE;
				CLANG_WARN_UNREACHABLE_CODE = YES;
				CLANG_WARN__DUPLICATE_METHOD_MATCH = YES;
				COPY_PHASE_STRIP = NO;
				DEBUG_INFORMATION_FORMAT = "dwarf-with-dsym";
				ENABLE_NS_ASSERTIONS = NO;
				ENABLE_STRICT_OBJC_MSGSEND = YES;
				GCC_C_LANGUAGE_STANDARD = gnu11;
				GCC_NO_COMMON_BLOCKS = YES;
				GCC_WARN_64_TO_32_BIT_CONVERSION = YES;
				GCC_WARN_ABOUT_RETURN_TYPE = YES_ERROR;
				GCC_WARN_UNDECLARED_SELECTOR = YES;
				GCC_WARN_UNINITIALIZED_AUTOS = YES_AGGRESSIVE;
				GCC_WARN_UNUSED_FUNCTION = YES;
				GCC_WARN_UNUSED_VARIABLE = YES;
				IPHONEOS_DEPLOYMENT_TARGET = 15.5;
				MTL_ENABLE_DEBUG_INFO = NO;
				MTL_FAST_MATH = YES;
				SDKROOT = iphoneos;
				SWIFT_COMPILATION_MODE = wholemodule;
				SWIFT_OPTIMIZATION_LEVEL = "-O";
				VALIDATE_PRODUCT = YES;
			};
			name = Release;
		};
		F14A27BD28D86551001DA9A2 /* Debug */ = {
			isa = XCBuildConfiguration;
			baseConfigurationReference = 594B8BED2886C34D02EFB490 /* Pods-homework-3-sametkoyuncu.debug.xcconfig */;
			buildSettings = {
				ASSETCATALOG_COMPILER_APPICON_NAME = AppIcon;
				ASSETCATALOG_COMPILER_GLOBAL_ACCENT_COLOR_NAME = AccentColor;
				CODE_SIGN_STYLE = Automatic;
				CURRENT_PROJECT_VERSION = 1;
				DEVELOPMENT_TEAM = A9S7ZDQSZC;
				GENERATE_INFOPLIST_FILE = YES;
				INFOPLIST_FILE = "homework-3-sametkoyuncu/Info.plist";
				INFOPLIST_KEY_CFBundleDisplayName = "Penguin App";
				INFOPLIST_KEY_UIApplicationSupportsIndirectInputEvents = YES;
				INFOPLIST_KEY_UILaunchStoryboardName = LaunchScreen;
				INFOPLIST_KEY_UIMainStoryboardFile = Main;
				INFOPLIST_KEY_UISupportedInterfaceOrientations = UIInterfaceOrientationPortrait;
				INFOPLIST_KEY_UISupportedInterfaceOrientations_iPad = "UIInterfaceOrientationPortrait UIInterfaceOrientationPortraitUpsideDown UIInterfaceOrientationLandscapeLeft UIInterfaceOrientationLandscapeRight";
				INFOPLIST_KEY_UISupportedInterfaceOrientations_iPhone = "UIInterfaceOrientationPortrait UIInterfaceOrientationLandscapeLeft UIInterfaceOrientationLandscapeRight";
				LD_RUNPATH_SEARCH_PATHS = (
					"$(inherited)",
					"@executable_path/Frameworks",
				);
				MARKETING_VERSION = 1.0;
				PRODUCT_BUNDLE_IDENTIFIER = "com.sametkoyuncu.homework-3-sametkoyuncu";
				PRODUCT_NAME = "$(TARGET_NAME)";
				SWIFT_EMIT_LOC_STRINGS = YES;
				SWIFT_VERSION = 5.0;
				TARGETED_DEVICE_FAMILY = 1;
			};
			name = Debug;
		};
		F14A27BE28D86551001DA9A2 /* Release */ = {
			isa = XCBuildConfiguration;
			baseConfigurationReference = 651A64FCDE7C1CE594538D11 /* Pods-homework-3-sametkoyuncu.release.xcconfig */;
			buildSettings = {
				ASSETCATALOG_COMPILER_APPICON_NAME = AppIcon;
				ASSETCATALOG_COMPILER_GLOBAL_ACCENT_COLOR_NAME = AccentColor;
				CODE_SIGN_STYLE = Automatic;
				CURRENT_PROJECT_VERSION = 1;
				DEVELOPMENT_TEAM = A9S7ZDQSZC;
				GENERATE_INFOPLIST_FILE = YES;
				INFOPLIST_FILE = "homework-3-sametkoyuncu/Info.plist";
				INFOPLIST_KEY_CFBundleDisplayName = "Penguin App";
				INFOPLIST_KEY_UIApplicationSupportsIndirectInputEvents = YES;
				INFOPLIST_KEY_UILaunchStoryboardName = LaunchScreen;
				INFOPLIST_KEY_UIMainStoryboardFile = Main;
				INFOPLIST_KEY_UISupportedInterfaceOrientations = UIInterfaceOrientationPortrait;
				INFOPLIST_KEY_UISupportedInterfaceOrientations_iPad = "UIInterfaceOrientationPortrait UIInterfaceOrientationPortraitUpsideDown UIInterfaceOrientationLandscapeLeft UIInterfaceOrientationLandscapeRight";
				INFOPLIST_KEY_UISupportedInterfaceOrientations_iPhone = "UIInterfaceOrientationPortrait UIInterfaceOrientationLandscapeLeft UIInterfaceOrientationLandscapeRight";
				LD_RUNPATH_SEARCH_PATHS = (
					"$(inherited)",
					"@executable_path/Frameworks",
				);
				MARKETING_VERSION = 1.0;
				PRODUCT_BUNDLE_IDENTIFIER = "com.sametkoyuncu.homework-3-sametkoyuncu";
				PRODUCT_NAME = "$(TARGET_NAME)";
				SWIFT_EMIT_LOC_STRINGS = YES;
				SWIFT_VERSION = 5.0;
				TARGETED_DEVICE_FAMILY = 1;
			};
			name = Release;
		};
/* End XCBuildConfiguration section */

/* Begin XCConfigurationList section */
		F14A27A328D86550001DA9A2 /* Build configuration list for PBXProject "homework-3-sametkoyuncu" */ = {
			isa = XCConfigurationList;
			buildConfigurations = (
				F14A27BA28D86551001DA9A2 /* Debug */,
				F14A27BB28D86551001DA9A2 /* Release */,
			);
			defaultConfigurationIsVisible = 0;
			defaultConfigurationName = Release;
		};
		F14A27BC28D86551001DA9A2 /* Build configuration list for PBXNativeTarget "homework-3-sametkoyuncu" */ = {
			isa = XCConfigurationList;
			buildConfigurations = (
				F14A27BD28D86551001DA9A2 /* Debug */,
				F14A27BE28D86551001DA9A2 /* Release */,
			);
			defaultConfigurationIsVisible = 0;
			defaultConfigurationName = Release;
		};
/* End XCConfigurationList section */

/* Begin XCVersionGroup section */
		F1F06BC828D9C75500439D49 /* TodoListDataModel.xcdatamodeld */ = {
			isa = XCVersionGroup;
			children = (
				F1F06BC928D9C75500439D49 /* TodoListDataModel.xcdatamodel */,
			);
			currentVersion = F1F06BC928D9C75500439D49 /* TodoListDataModel.xcdatamodel */;
			path = TodoListDataModel.xcdatamodeld;
			sourceTree = "<group>";
			versionGroupType = wrapper.xcdatamodel;
		};
/* End XCVersionGroup section */
	};
	rootObject = F14A27A028D86550001DA9A2 /* Project object */;
}
